
Microsoft Visual Studio Solution File, Format Version 12.00
# Visual Studio Version 17
VisualStudioVersion = 17.5.33627.172
MinimumVisualStudioVersion = 10.0.40219.1
Project("{9A19103F-16F7-4668-BE54-9A1E7A4F7556}") = "CalclateApp", "CalclateApp\CalclateApp.csproj", "{7617D220-C494-4E96-8897-F75C0ACB0542}"
EndProject
Project("{FAE04EC0-301F-11D3-BF4B-00C04F79EFBC}") = "WebAppWithAdo.net", "..\..\..\..\..\Revoke\WebAppWithAdo.net\WebAppWithAdo.net.csproj", "{541736B5-7B19-466D-A604-14B704F7D338}"
EndProject
Global
	GlobalSection(SolutionConfigurationPlatforms) = preSolution
		Debug|Any CPU = Debug|Any CPU
		Release|Any CPU = Release|Any CPU
	EndGlobalSection
	GlobalSection(ProjectConfigurationPlatforms) = postSolution
		{7617D220-C494-4E96-8897-F75C0ACB0542}.Debug|Any CPU.ActiveCfg = Debug|Any CPU
		{7617D220-C494-4E96-8897-F75C0ACB0542}.Debug|Any CPU.Build.0 = Debug|Any CPU
		{7617D220-C494-4E96-8897-F75C0ACB0542}.Release|Any CPU.ActiveCfg = Release|Any CPU
		{7617D220-C494-4E96-8897-F75C0ACB0542}.Release|Any CPU.Build.0 = Release|Any CPU
		{541736B5-7B19-466D-A604-14B704F7D338}.Debug|Any CPU.ActiveCfg = Debug|Any CPU
		{541736B5-7B19-466D-A604-14B704F7D338}.Debug|Any CPU.Build.0 = Debug|Any CPU
		{541736B5-7B19-466D-A604-14B704F7D338}.Release|Any CPU.ActiveCfg = Release|Any CPU
		{541736B5-7B19-466D-A604-14B704F7D338}.Release|Any CPU.Build.0 = Release|Any CPU
	EndGlobalSection
	GlobalSection(SolutionProperties) = preSolution
		HideSolutionNode = FALSE
	EndGlobalSection
	GlobalSection(ExtensibilityGlobals) = postSolution
		SolutionGuid = {CF1E3731-7954-4050-9DC3-15F4C60486F1}
	EndGlobalSection
EndGlobal
